// !$*UTF8*$!
{
	archiveVersion = 1;
	classes = {
	};
	objectVersion = 46;
	objects = {

/* Begin PBXBuildFile section */
		78CAC71C1B679B7600349225 /* main.m in Sources */ = {isa = PBXBuildFile; fileRef = 78CAC71B1B679B7600349225 /* main.m */; };
		78CAC7241B679B9F00349225 /* MyAutoReleasePool.m in Sources */ = {isa = PBXBuildFile; fileRef = 78CAC7231B679B9E00349225 /* MyAutoReleasePool.m */; };
/* End PBXBuildFile section */

/* Begin PBXCopyFilesBuildPhase section */
		78CAC7161B679B7600349225 /* CopyFiles */ = {
			isa = PBXCopyFilesBuildPhase;
			buildActionMask = 2147483647;
			dstPath = /usr/share/man/man1/;
			dstSubfolderSpec = 0;
			files = (
			);
			runOnlyForDeploymentPostprocessing = 1;
		};
/* End PBXCopyFilesBuildPhase section */

/* Begin PBXFileReference section */
		78CAC7181B679B7600349225 /* MyOwnPool */ = {isa = PBXFileReference; explicitFileType = "compiled.mach-o.executable"; includeInIndex = 0; path = MyOwnPool; sourceTree = BUILT_PRODUCTS_DIR; };
		78CAC71B1B679B7600349225 /* main.m */ = {isa = PBXFileReference; lastKnownFileType = sourcecode.c.objc; path = main.m; sourceTree = "<group>"; };
		78CAC7221B679B9E00349225 /* MyAutoReleasePool.h */ = {isa = PBXFileReference; fileEncoding = 4; lastKnownFileType = sourcecode.c.h; path = MyAutoReleasePool.h; sourceTree = "<group>"; };
		78CAC7231B679B9E00349225 /* MyAutoReleasePool.m */ = {isa = PBXFileReference; fileEncoding = 4; lastKnownFileType = sourcecode.c.objc; path = MyAutoReleasePool.m; sourceTree = "<group>"; };
/* End PBXFileReference section */

/* Begin PBXFrameworksBuildPhase section */
		78CAC7151B679B7600349225 /* Frameworks */ = {
			isa = PBXFrameworksBuildPhase;
			buildActionMask = 2147483647;
			files = (
			);
			runOnlyForDeploymentPostprocessing = 0;
		};
/* End PBXFrameworksBuildPhase section */

/* Begin PBXGroup section */
		78CAC70F1B679B7600349225 = {
			isa = PBXGroup;
			children = (
				78CAC7221B679B9E00349225 /* MyAutoReleasePool.h */,
				78CAC7231B679B9E00349225 /* MyAutoReleasePool.m */,
				78CAC71A1B679B7600349225 /* MyOwnPool */,
				78CAC7191B679B7600349225 /* Products */,
			);
			sourceTree = "<group>";
		};
		78CAC7191B679B7600349225 /* Products */ = {
			isa = PBXGroup;
			children = (
				78CAC7181B679B7600349225 /* MyOwnPool */,
			);
			name = Products;
			sourceTree = "<group>";
		};
		78CAC71A1B679B7600349225 /* MyOwnPool */ = {
			isa = PBXGroup;
			children = (
				78CAC71B1B679B7600349225 /* main.m */,
			);
			path = MyOwnPool;
			sourceTree = "<group>";
		};
/* End PBXGroup section */

/* Begin PBXNativeTarget section */
		78CAC7171B679B7600349225 /* MyOwnPool */ = {
			isa = PBXNativeTarget;
			buildConfigurationList = 78CAC71F1B679B7600349225 /* Build configuration list for PBXNativeTarget "MyOwnPool" */;
			buildPhases = (
				78CAC7141B679B7600349225 /* Sources */,
				78CAC7151B679B7600349225 /* Frameworks */,
				78CAC7161B679B7600349225 /* CopyFiles */,
			);
			buildRules = (
			);
			dependencies = (
			);
			name = MyOwnPool;
			productName = MyOwnPool;
			productReference = 78CAC7181B679B7600349225 /* MyOwnPool */;
			productType = "com.apple.product-type.tool";
		};
/* End PBXNativeTarget section */

/* Begin PBXProject section */
		78CAC7101B679B7600349225 /* Project object */ = {
			isa = PBXProject;
			attributes = {
				LastUpgradeCheck = 0600;
				ORGANIZATIONNAME = "Igor Sova";
				TargetAttributes = {
					78CAC7171B679B7600349225 = {
						CreatedOnToolsVersion = 6.0.1;
					};
				};
			};
			buildConfigurationList = 78CAC7131B679B7600349225 /* Build configuration list for PBXProject "MyOwnPool" */;
			compatibilityVersion = "Xcode 3.2";
			developmentRegion = English;
			hasScannedForEncodings = 0;
			knownRegions = (
				en,
			);
			mainGroup = 78CAC70F1B679B7600349225;
			productRefGroup = 78CAC7191B679B7600349225 /* Products */;
			projectDirPath = "";
			projectRoot = "";
			targets = (
				78CAC7171B679B7600349225 /* MyOwnPool */,
			);
		};
/* End PBXProject section */

/* Begin PBXSourcesBuildPhase section */
		78CAC7141B679B7600349225 /* Sources */ = {
			isa = PBXSourcesBuildPhase;
			buildActionMask = 2147483647;
			files = (
				78CAC7241B679B9F00349225 /* MyAutoReleasePool.m in Sources */,
				78CAC71C1B679B7600349225 /* main.m in Sources */,
			);
			runOnlyForDeploymentPostprocessing = 0;
		};
/* End PBXSourcesBuildPhase section */

/* Begin XCBuildConfiguration section */
		78CAC71D1B679B7600349225 /* Debug */ = {
			isa = XCBuildConfiguration;
			buildSettings = {
				ALWAYS_SEARCH_USER_PATHS = NO;
				CLANG_CXX_LANGUAGE_STANDARD = "gnu++0x";
				CLANG_CXX_LIBRARY = "libc++";
				CLANG_ENABLE_MODULES = YES;
				CLANG_ENABLE_OBJC_ARC = NO;
				CLANG_WARN_BOOL_CONVERSION = YES;
				CLANG_WARN_CONSTANT_CONVERSION = YES;
				CLANG_WARN_DIRECT_OBJC_ISA_USAGE = YES_ERROR;
				CLANG_WARN_EMPTY_BODY = YES;
				CLANG_WARN_ENUM_CONVERSION = YES;
				CLANG_WARN_INT_CONVERSION = YES;
				CLANG_WARN_OBJC_ROOT_CLASS = YES_ERROR;
				CLANG_WARN_UNREACHABLE_CODE = YES;
				CLANG_WARN__DUPLICATE_METHOD_MATCH = YES;
				COPY_PHASE_STRIP = NO;
				ENABLE_STRICT_OBJC_MSGSEND = YES;
				GCC_C_LANGUAGE_STANDARD = gnu99;
				GCC_DYNAMIC_NO_PIC = NO;
				GCC_OPTIMIZATION_LEVEL = 0;
				GCC_PREPROCESSOR_DEFINITIONS = (
					"DEBUG=1",
					"$(inherited)",
				);
				GCC_SYMBOLS_PRIVATE_EXTERN = NO;
				GCC_WARN_64_TO_32_BIT_CONVERSION = YES;
				GCC_WARN_ABOUT_RETURN_TYPE = YES_ERROR;
				GCC_WARN_UNDECLARED_SELECTOR = YES;
				GCC_WARN_UNINITIALIZED_AUTOS = YES_AGGRESSIVE;
				GCC_WARN_UNUSED_FUNCTION = YES;
				GCC_WARN_UNUSED_VARIABLE = YES;
				MACOSX_DEPLOYMENT_TARGET = 10.9;
				MTL_ENABLE_DEBUG_INFO = YES;
				ONLY_ACTIVE_ARCH = YES;
				SDKROOT = macosx;
			};
			name = Debug;
		};
		78CAC71E1B679B7600349225 /* Release */ = {
			isa = XCBuildConfiguration;
			buildSettings = {
				ALWAYS_SEARCH_USER_PATHS = NO;
				CLANG_CXX_LANGUAGE_STANDARD = "gnu++0x";
				CLANG_CXX_LIBRARY = "libc++";
				CLANG_ENABLE_MODULES = YES;
				CLANG_ENABLE_OBJC_ARC = NO;
				CLANG_WARN_BOOL_CONVERSION = YES;
				CLANG_WARN_CONSTANT_CONVERSION = YES;
				CLANG_WARN_DIRECT_OBJC_ISA_USAGE = YES_ERROR;
				CLANG_WARN_EMPTY_BODY = YES;
				CLANG_WARN_ENUM_CONVERSION = YES;
				CLANG_WARN_INT_CONVERSION = YES;
				CLANG_WARN_OBJC_ROOT_CLASS = YES_ERROR;
				CLANG_WARN_UNREACHABLE_CODE = YES;
				CLANG_WARN__DUPLICATE_METHOD_MATCH = YES;
				COPY_PHASE_STRIP = YES;
				DEBUG_INFORMATION_FORMAT = "dwarf-with-dsym";
				ENABLE_NS_ASSERTIONS = NO;
				ENABLE_STRICT_OBJC_MSGSEND = YES;
				GCC_C_LANGUAGE_STANDARD = gnu99;
				GCC_WARN_64_TO_32_BIT_CONVERSION = YES;
				GCC_WARN_ABOUT_RETURN_TYPE = YES_ERROR;
				GCC_WARN_UNDECLARED_SELECTOR = YES;
				GCC_WARN_UNINITIALIZED_AUTOS = YES_AGGRESSIVE;
				GCC_WARN_UNUSED_FUNCTION = YES;
				GCC_WARN_UNUSED_VARIABLE = YES;
				MACOSX_DEPLOYMENT_TARGET = 10.9;
				MTL_ENABLE_DEBUG_INFO = NO;
				SDKROOT = macosx;
			};
			name = Release;
		};
		78CAC7201B679B7600349225 /* Debug */ = {
			isa = XCBuildConfiguration;
			buildSettings = {
				PRODUCT_NAME = "$(TARGET_NAME)";
			};
			name = Debug;
		};
		78CAC7211B679B7600349225 /* Release */ = {
			isa = XCBuildConfiguration;
			buildSettings = {
				PRODUCT_NAME = "$(TARGET_NAME)";
			};
			name = Release;
		};
/* End XCBuildConfiguration section */

/* Begin XCConfigurationList section */
		78CAC7131B679B7600349225 /* Build configuration list for PBXProject "MyOwnPool" */ = {
			isa = XCConfigurationList;
			buildConfigurations = (
				78CAC71D1B679B7600349225 /* Debug */,
				78CAC71E1B679B7600349225 /* Release */,
			);
			defaultConfigurationIsVisible = 0;
			defaultConfigurationName = Release;
		};
		78CAC71F1B679B7600349225 /* Build configuration list for PBXNativeTarget "MyOwnPool" */ = {
			isa = XCConfigurationList;
			buildConfigurations = (
				78CAC7201B679B7600349225 /* Debug */,
				78CAC7211B679B7600349225 /* Release */,
			);
			defaultConfigurationIsVisible = 0;
			defaultConfigurationName = Release;
		};
/* End XCConfigurationList section */
	};
	rootObject = 78CAC7101B679B7600349225 /* Project object */;
}
